# THIS IS AN AUTOGENERATED FILE. DO NOT EDIT THIS FILE DIRECTLY.
# yarn lockfile v1


"@babylonjs/core@^8.6.1":
  version "8.6.1"
  resolved "https://registry.yarnpkg.com/@babylonjs/core/-/core-8.6.1.tgz#1d905156308aa194d42cdd9d01f12675fa8d65d9"
  integrity sha512-7/VhqaDPdtav0vGoGJ7XwGGzhcoeY4M3/C4ROsqHdD8lpsFvG94CDzmIRON+FGSB3mOCB59Vs84SPSpW18Unlg==

"@msgpack/msgpack@^3.1.1":
  version "3.1.1"
  resolved "https://registry.yarnpkg.com/@msgpack/msgpack/-/msgpack-3.1.1.tgz#6f09ada4767a163f225cb7fc15bccbcef781fe4c"
  integrity sha512-DnBpqkMOUGayNVKyTLlkM6ILmU/m/+VUxGkuQlPQVAcvreLz5jn1OlQnWd8uHKL/ZSiljpM12rjRhr51VtvJUQ==

uWebSockets.js@uNetworking/uWebSockets.js#v20.51.0:
  version "20.51.0"
  resolved "https://codeload.github.com/uNetworking/uWebSockets.js/tar.gz/6609a88ffa9a16ac5158046761356ce03250a0df"
